
Microsoft Visual Studio Solution File, Format Version 12.00
# Visual Studio 15
VisualStudioVersion = 15.0.27130.2026
MinimumVisualStudioVersion = 10.0.40219.1
Project("{FAE04EC0-301F-11D3-BF4B-00C04F79EFBC}") = "PACS Analyzer", "PACS Analyzer\PACS Analyzer.csproj", "{CE9F5063-B251-4BEC-B363-3B7E69864D56}"
EndProject
Project("{F088123C-0E9E-452A-89E6-6BA2F21D5CAC}") = "ModelingProject1", "ModelingProject1\ModelingProject1.modelproj", "{80138972-3879-4EAF-A154-848B1E995703}"
EndProject
Global
	GlobalSection(Performance) = preSolution
		HasPerformanceSessions = true
	EndGlobalSection
	GlobalSection(SolutionConfigurationPlatforms) = preSolution
		Debug|Any CPU = Debug|Any CPU
		Release|Any CPU = Release|Any CPU
	EndGlobalSection
	GlobalSection(ProjectConfigurationPlatforms) = postSolution
		{CE9F5063-B251-4BEC-B363-3B7E69864D56}.Debug|Any CPU.ActiveCfg = Debug|Any CPU
		{CE9F5063-B251-4BEC-B363-3B7E69864D56}.Debug|Any CPU.Build.0 = Debug|Any CPU
		{CE9F5063-B251-4BEC-B363-3B7E69864D56}.Release|Any CPU.ActiveCfg = Release|Any CPU
		{CE9F5063-B251-4BEC-B363-3B7E69864D56}.Release|Any CPU.Build.0 = Release|Any CPU
		{80138972-3879-4EAF-A154-848B1E995703}.Debug|Any CPU.ActiveCfg = Debug|Any CPU
		{80138972-3879-4EAF-A154-848B1E995703}.Debug|Any CPU.Build.0 = Debug|Any CPU
		{80138972-3879-4EAF-A154-848B1E995703}.Release|Any CPU.ActiveCfg = Release|Any CPU
		{80138972-3879-4EAF-A154-848B1E995703}.Release|Any CPU.Build.0 = Release|Any CPU
	EndGlobalSection
	GlobalSection(SolutionProperties) = preSolution
		HideSolutionNode = FALSE
	EndGlobalSection
	GlobalSection(ExtensibilityGlobals) = postSolution
		SolutionGuid = {DC81EC81-2B39-4FBB-8200-BA1A8FA82B7C}
	EndGlobalSection
EndGlobal
